{
  "name": "salam-express-tool-main",
  "lockfileVersion": 3,
  "requires": true,
  "packages": {
    "": {
      "dependencies": {
        "react-pageflip": "^2.0.3"
      }
    },
    "node_modules/page-flip": {
      "version": "2.0.7",
      "resolved": "https://registry.npmjs.org/page-flip/-/page-flip-2.0.7.tgz",
      "integrity": "sha512-96lQFUUz7r/LZzEUZJ3yBIMEKU9+m8HMFDzTvTdD6P7Ag/wXINjp9n0W7b4wanwnDbQETo4uNUoL3zMqpFxwGA==",
      "license": "MIT"
    },
    "node_modules/react-pageflip": {
      "version": "2.0.3",
      "resolved": "https://registry.npmjs.org/react-pageflip/-/react-pageflip-2.0.3.tgz",
      "integrity": "sha512-k81mHhRvUM52y8jyzTCh5t4O0lepkLhp+XGSUzq2C3uD+iW99Cv0jfRlqFCjZbD5N3jKkIFr7/3giucoXKDP3Q==",
      "license": "MIT",
      "dependencies": {
        "page-flip": "latest"
      }
    }
  }
}
